// !$*UTF8*$!
{
	archiveVersion = 1;
	classes = {
	};
	objectVersion = 46;
	objects = {

/* Begin PBXBuildFile section */
		1855FCC41EFCBDD300FCEFC0 /* AppDelegate.swift in Sources */ = {isa = PBXBuildFile; fileRef = 1855FCC31EFCBDD300FCEFC0 /* AppDelegate.swift */; };
		1855FCC61EFCBDD300FCEFC0 /* ViewController.swift in Sources */ = {isa = PBXBuildFile; fileRef = 1855FCC51EFCBDD300FCEFC0 /* ViewController.swift */; };
		1855FCC91EFCBDD300FCEFC0 /* Main.storyboard in Resources */ = {isa = PBXBuildFile; fileRef = 1855FCC71EFCBDD300FCEFC0 /* Main.storyboard */; };
		1855FCCB1EFCBDD300FCEFC0 /* Assets.xcassets in Resources */ = {isa = PBXBuildFile; fileRef = 1855FCCA1EFCBDD300FCEFC0 /* Assets.xcassets */; };
		1855FCCE1EFCBDD300FCEFC0 /* LaunchScreen.storyboard in Resources */ = {isa = PBXBuildFile; fileRef = 1855FCCC1EFCBDD300FCEFC0 /* LaunchScreen.storyboard */; };
/* End PBXBuildFile section */

/* Begin PBXFileReference section */
		1855FCC01EFCBDD300FCEFC0 /* Hamburguesas.app */ = {isa = PBXFileReference; explicitFileType = wrapper.application; includeInIndex = 0; path = Hamburguesas.app; sourceTree = BUILT_PRODUCTS_DIR; };
		1855FCC31EFCBDD300FCEFC0 /* AppDelegate.swift */ = {isa = PBXFileReference; lastKnownFileType = sourcecode.swift; path = AppDelegate.swift; sourceTree = "<group>"; };
		1855FCC51EFCBDD300FCEFC0 /* ViewController.swift */ = {isa = PBXFileReference; lastKnownFileType = sourcecode.swift; path = ViewController.swift; sourceTree = "<group>"; };
		1855FCC81EFCBDD300FCEFC0 /* Base */ = {isa = PBXFileReference; lastKnownFileType = file.storyboard; name = Base; path = Base.lproj/Main.storyboard; sourceTree = "<group>"; };
		1855FCCA1EFCBDD300FCEFC0 /* Assets.xcassets */ = {isa = PBXFileReference; lastKnownFileType = folder.assetcatalog; path = Assets.xcassets; sourceTree = "<group>"; };
		1855FCCD1EFCBDD300FCEFC0 /* Base */ = {isa = PBXFileReference; lastKnownFileType = file.storyboard; name = Base; path = Base.lproj/LaunchScreen.storyboard; sourceTree = "<group>"; };
		1855FCCF1EFCBDD300FCEFC0 /* Info.plist */ = {isa = PBXFileReference; lastKnownFileType = text.plist.xml; path = Info.plist; sourceTree = "<group>"; };
/* End PBXFileReference section */

/* Begin PBXFrameworksBuildPhase section */
		1855FCBD1EFCBDD300FCEFC0 /* Frameworks */ = {
			isa = PBXFrameworksBuildPhase;
			buildActionMask = 2147483647;
			files = (
			);
			runOnlyForDeploymentPostprocessing = 0;
		};
/* End PBXFrameworksBuildPhase section */

/* Begin PBXGroup section */
		1855FCB71EFCBDD300FCEFC0 = {
			isa = PBXGroup;
			children = (
				1855FCC21EFCBDD300FCEFC0 /* Hamburguesas */,
				1855FCC11EFCBDD300FCEFC0 /* Products */,
			);
			sourceTree = "<group>";
		};
		1855FCC11EFCBDD300FCEFC0 /* Products */ = {
			isa = PBXGroup;
			children = (
				1855FCC01EFCBDD300FCEFC0 /* Hamburguesas.app */,
			);
			name = Products;
			sourceTree = "<group>";
		};
		1855FCC21EFCBDD300FCEFC0 /* Hamburguesas */ = {
			isa = PBXGroup;
			children = (
				1855FCC31EFCBDD300FCEFC0 /* AppDelegate.swift */,
				1855FCC51EFCBDD300FCEFC0 /* ViewController.swift */,
				1855FCC71EFCBDD300FCEFC0 /* Main.storyboard */,
				1855FCCA1EFCBDD300FCEFC0 /* Assets.xcassets */,
				1855FCCC1EFCBDD300FCEFC0 /* LaunchScreen.storyboard */,
				1855FCCF1EFCBDD300FCEFC0 /* Info.plist */,
			);
			path = Hamburguesas;
			sourceTree = "<group>";
		};
/* End PBXGroup section */

/* Begin PBXNativeTarget section */
		1855FCBF1EFCBDD300FCEFC0 /* Hamburguesas */ = {
			isa = PBXNativeTarget;
			buildConfigurationList = 1855FCD21EFCBDD300FCEFC0 /* Build configuration list for PBXNativeTarget "Hamburguesas" */;
			buildPhases = (
				1855FCBC1EFCBDD300FCEFC0 /* Sources */,
				1855FCBD1EFCBDD300FCEFC0 /* Frameworks */,
				1855FCBE1EFCBDD300FCEFC0 /* Resources */,
			);
			buildRules = (
			);
			dependencies = (
			);
			name = Hamburguesas;
			productName = Hamburguesas;
			productReference = 1855FCC01EFCBDD300FCEFC0 /* Hamburguesas.app */;
			productType = "com.apple.product-type.application";
		};
/* End PBXNativeTarget section */

/* Begin PBXProject section */
		1855FCB81EFCBDD300FCEFC0 /* Project object */ = {
			isa = PBXProject;
			attributes = {
				LastSwiftUpdateCheck = 0830;
				LastUpgradeCheck = 0830;
				ORGANIZATIONNAME = Mexmatrix;
				TargetAttributes = {
					1855FCBF1EFCBDD300FCEFC0 = {
						CreatedOnToolsVersion = 8.3.3;
						DevelopmentTeam = 7F7ZEAATM5;
						ProvisioningStyle = Automatic;
					};
				};
			};
			buildConfigurationList = 1855FCBB1EFCBDD300FCEFC0 /* Build configuration list for PBXProject "Hamburguesas" */;
			compatibilityVersion = "Xcode 3.2";
			developmentRegion = English;
			hasScannedForEncodings = 0;
			knownRegions = (
				en,
				Base,
			);
			mainGroup = 1855FCB71EFCBDD300FCEFC0;
			productRefGroup = 1855FCC11EFCBDD300FCEFC0 /* Products */;
			projectDirPath = "";
			projectRoot = "";
			targets = (
				1855FCBF1EFCBDD300FCEFC0 /* Hamburguesas */,
			);
		};
/* End PBXProject section */

/* Begin PBXResourcesBuildPhase section */
		1855FCBE1EFCBDD300FCEFC0 /* Resources */ = {
			isa = PBXResourcesBuildPhase;
			buildActionMask = 2147483647;
			files = (
				1855FCCE1EFCBDD300FCEFC0 /* LaunchScreen.storyboard in Resources */,
				1855FCCB1EFCBDD300FCEFC0 /* Assets.xcassets in Resources */,
				1855FCC91EFCBDD300FCEFC0 /* Main.storyboard in Resources */,
			);
			runOnlyForDeploymentPostprocessing = 0;
		};
/* End PBXResourcesBuildPhase section */

/* Begin PBXSourcesBuildPhase section */
		1855FCBC1EFCBDD300FCEFC0 /* Sources */ = {
			isa = PBXSourcesBuildPhase;
			buildActionMask = 2147483647;
			files = (
				1855FCC61EFCBDD300FCEFC0 /* ViewController.swift in Sources */,
				1855FCC41EFCBDD300FCEFC0 /* AppDelegate.swift in Sources */,
			);
			runOnlyForDeploymentPostprocessing = 0;
		};
/* End PBXSourcesBuildPhase section */

/* Begin PBXVariantGroup section */
		1855FCC71EFCBDD300FCEFC0 /* Main.storyboard */ = {
			isa = PBXVariantGroup;
			children = (
				1855FCC81EFCBDD300FCEFC0 /* Base */,
			);
			name = Main.storyboard;
			sourceTree = "<group>";
		};
		1855FCCC1EFCBDD300FCEFC0 /* LaunchScreen.storyboard */ = {
			isa = PBXVariantGroup;
			children = (
				1855FCCD1EFCBDD300FCEFC0 /* Base */,
			);
			name = LaunchScreen.storyboard;
			sourceTree = "<group>";
		};
/* End PBXVariantGroup section */

/* Begin XCBuildConfiguration section */
		1855FCD01EFCBDD300FCEFC0 /* Debug */ = {
			isa = XCBuildConfiguration;
			buildSettings = {
				ALWAYS_SEARCH_USER_PATHS = NO;
				CLANG_ANALYZER_NONNULL = YES;
				CLANG_ANALYZER_NUMBER_OBJECT_CONVERSION = YES_AGGRESSIVE;
				CLANG_CXX_LANGUAGE_STANDARD = "gnu++0x";
				CLANG_CXX_LIBRARY = "libc++";
				CLANG_ENABLE_MODULES = YES;
				CLANG_ENABLE_OBJC_ARC = YES;
				CLANG_WARN_BOOL_CONVERSION = YES;
				CLANG_WARN_CONSTANT_CONVERSION = YES;
				CLANG_WARN_DIRECT_OBJC_ISA_USAGE = YES_ERROR;
				CLANG_WARN_DOCUMENTATION_COMMENTS = YES;
				CLANG_WARN_EMPTY_BODY = YES;
				CLANG_WARN_ENUM_CONVERSION = YES;
				CLANG_WARN_INFINITE_RECURSION = YES;
				CLANG_WARN_INT_CONVERSION = YES;
				CLANG_WARN_OBJC_ROOT_CLASS = YES_ERROR;
				CLANG_WARN_SUSPICIOUS_MOVE = YES;
				CLANG_WARN_UNREACHABLE_CODE = YES;
				CLANG_WARN__DUPLICATE_METHOD_MATCH = YES;
				"CODE_SIGN_IDENTITY[sdk=iphoneos*]" = "iPhone Developer";
				COPY_PHASE_STRIP = NO;
				DEBUG_INFORMATION_FORMAT = dwarf;
				ENABLE_STRICT_OBJC_MSGSEND = YES;
				ENABLE_TESTABILITY = YES;
				GCC_C_LANGUAGE_STANDARD = gnu99;
				GCC_DYNAMIC_NO_PIC = NO;
				GCC_NO_COMMON_BLOCKS = YES;
				GCC_OPTIMIZATION_LEVEL = 0;
				GCC_PREPROCESSOR_DEFINITIONS = (
					"DEBUG=1",
					"$(inherited)",
				);
				GCC_WARN_64_TO_32_BIT_CONVERSION = YES;
				GCC_WARN_ABOUT_RETURN_TYPE = YES_ERROR;
				GCC_WARN_UNDECLARED_SELECTOR = YES;
				GCC_WARN_UNINITIALIZED_AUTOS = YES_AGGRESSIVE;
				GCC_WARN_UNUSED_FUNCTION = YES;
				GCC_WARN_UNUSED_VARIABLE = YES;
				IPHONEOS_DEPLOYMENT_TARGET = 10.3;
				MTL_ENABLE_DEBUG_INFO = YES;
				ONLY_ACTIVE_ARCH = YES;
				SDKROOT = iphoneos;
				SWIFT_ACTIVE_COMPILATION_CONDITIONS = DEBUG;
				SWIFT_OPTIMIZATION_LEVEL = "-Onone";
				TARGETED_DEVICE_FAMILY = "1,2";
			};
			name = Debug;
		};
		1855FCD11EFCBDD300FCEFC0 /* Release */ = {
			isa = XCBuildConfiguration;
			buildSettings = {
				ALWAYS_SEARCH_USER_PATHS = NO;
				CLANG_ANALYZER_NONNULL = YES;
				CLANG_ANALYZER_NUMBER_OBJECT_CONVERSION = YES_AGGRESSIVE;
				CLANG_CXX_LANGUAGE_STANDARD = "gnu++0x";
				CLANG_CXX_LIBRARY = "libc++";
				CLANG_ENABLE_MODULES = YES;
				CLANG_ENABLE_OBJC_ARC = YES;
				CLANG_WARN_BOOL_CONVERSION = YES;
				CLANG_WARN_CONSTANT_CONVERSION = YES;
				CLANG_WARN_DIRECT_OBJC_ISA_USAGE = YES_ERROR;
				CLANG_WARN_DOCUMENTATION_COMMENTS = YES;
				CLANG_WARN_EMPTY_BODY = YES;
				CLANG_WARN_ENUM_CONVERSION = YES;
				CLANG_WARN_INFINITE_RECURSION = YES;
				CLANG_WARN_INT_CONVERSION = YES;
				CLANG_WARN_OBJC_ROOT_CLASS = YES_ERROR;
				CLANG_WARN_SUSPICIOUS_MOVE = YES;
				CLANG_WARN_UNREACHABLE_CODE = YES;
				CLANG_WARN__DUPLICATE_METHOD_MATCH = YES;
				"CODE_SIGN_IDENTITY[sdk=iphoneos*]" = "iPhone Developer";
				COPY_PHASE_STRIP = NO;
				DEBUG_INFORMATION_FORMAT = "dwarf-with-dsym";
				ENABLE_NS_ASSERTIONS = NO;
				ENABLE_STRICT_OBJC_MSGSEND = YES;
				GCC_C_LANGUAGE_STANDARD = gnu99;
				GCC_NO_COMMON_BLOCKS = YES;
				GCC_WARN_64_TO_32_BIT_CONVERSION = YES;
				GCC_WARN_ABOUT_RETURN_TYPE = YES_ERROR;
				GCC_WARN_UNDECLARED_SELECTOR = YES;
				GCC_WARN_UNINITIALIZED_AUTOS = YES_AGGRESSIVE;
				GCC_WARN_UNUSED_FUNCTION = YES;
				GCC_WARN_UNUSED_VARIABLE = YES;
				IPHONEOS_DEPLOYMENT_TARGET = 10.3;
				MTL_ENABLE_DEBUG_INFO = NO;
				SDKROOT = iphoneos;
				SWIFT_OPTIMIZATION_LEVEL = "-Owholemodule";
				TARGETED_DEVICE_FAMILY = "1,2";
				VALIDATE_PRODUCT = YES;
			};
			name = Release;
		};
		1855FCD31EFCBDD300FCEFC0 /* Debug */ = {
			isa = XCBuildConfiguration;
			buildSettings = {
				ASSETCATALOG_COMPILER_APPICON_NAME = AppIcon;
				DEVELOPMENT_TEAM = 7F7ZEAATM5;
				INFOPLIST_FILE = Hamburguesas/Info.plist;
				LD_RUNPATH_SEARCH_PATHS = "$(inherited) @executable_path/Frameworks";
				PRODUCT_BUNDLE_IDENTIFIER = com.mexmatrix.Hamburguesas;
				PRODUCT_NAME = "$(TARGET_NAME)";
				SWIFT_VERSION = 3.0;
			};
			name = Debug;
		};
		1855FCD41EFCBDD300FCEFC0 /* Release */ = {
			isa = XCBuildConfiguration;
			buildSettings = {
				ASSETCATALOG_COMPILER_APPICON_NAME = AppIcon;
				DEVELOPMENT_TEAM = 7F7ZEAATM5;
				INFOPLIST_FILE = Hamburguesas/Info.plist;
				LD_RUNPATH_SEARCH_PATHS = "$(inherited) @executable_path/Frameworks";
				PRODUCT_BUNDLE_IDENTIFIER = com.mexmatrix.Hamburguesas;
				PRODUCT_NAME = "$(TARGET_NAME)";
				SWIFT_VERSION = 3.0;
			};
			name = Release;
		};
/* End XCBuildConfiguration section */

/* Begin XCConfigurationList section */
		1855FCBB1EFCBDD300FCEFC0 /* Build configuration list for PBXProject "Hamburguesas" */ = {
			isa = XCConfigurationList;
			buildConfigurations = (
				1855FCD01EFCBDD300FCEFC0 /* Debug */,
				1855FCD11EFCBDD300FCEFC0 /* Release */,
			);
			defaultConfigurationIsVisible = 0;
			defaultConfigurationName = Release;
		};
		1855FCD21EFCBDD300FCEFC0 /* Build configuration list for PBXNativeTarget "Hamburguesas" */ = {
			isa = XCConfigurationList;
			buildConfigurations = (
				1855FCD31EFCBDD300FCEFC0 /* Debug */,
				1855FCD41EFCBDD300FCEFC0 /* Release */,
			);
			defaultConfigurationIsVisible = 0;
		};
/* End XCConfigurationList section */
	};
	rootObject = 1855FCB81EFCBDD300FCEFC0 /* Project object */;
}
